// !$*UTF8*$!
{
	archiveVersion = 1;
	classes = {
	};
	objectVersion = 51;
	objects = {

/* Begin PBXBuildFile section */
		16308B82243C914C00777101 /* VideoLauncher.swift in Sources */ = {isa = PBXBuildFile; fileRef = 16308B81243C914C00777101 /* VideoLauncher.swift */; };
		1637541A24377E430021F808 /* MealCollectionViewCell.swift in Sources */ = {isa = PBXBuildFile; fileRef = 1637541824377E430021F808 /* MealCollectionViewCell.swift */; };
		1637541B24377E430021F808 /* MealCollectionViewCell.xib in Resources */ = {isa = PBXBuildFile; fileRef = 1637541924377E430021F808 /* MealCollectionViewCell.xib */; };
		1637541D243781E80021F808 /* SwippingModel.swift in Sources */ = {isa = PBXBuildFile; fileRef = 1637541C243781E80021F808 /* SwippingModel.swift */; };
		163EEB8A2439C81F0098DF3F /* Recommendation.swift in Sources */ = {isa = PBXBuildFile; fileRef = 163EEB892439C81F0098DF3F /* Recommendation.swift */; };
		163EEB8E243A07400098DF3F /* RecommendationCollectionViewCell.swift in Sources */ = {isa = PBXBuildFile; fileRef = 163EEB8C243A07400098DF3F /* RecommendationCollectionViewCell.swift */; };
		163EEB8F243A07400098DF3F /* RecommendationCollectionViewCell.xib in Resources */ = {isa = PBXBuildFile; fileRef = 163EEB8D243A07400098DF3F /* RecommendationCollectionViewCell.xib */; };
		1642F786243EF18A00527DB1 /* NavVC.swift in Sources */ = {isa = PBXBuildFile; fileRef = 1642F785243EF18A00527DB1 /* NavVC.swift */; };
		1653BEF22435DE140016A6C9 /* AppDelegate.swift in Sources */ = {isa = PBXBuildFile; fileRef = 1653BEF12435DE140016A6C9 /* AppDelegate.swift */; };
		1653BEF42435DE140016A6C9 /* SceneDelegate.swift in Sources */ = {isa = PBXBuildFile; fileRef = 1653BEF32435DE140016A6C9 /* SceneDelegate.swift */; };
		1653BEF92435DE140016A6C9 /* Main.storyboard in Resources */ = {isa = PBXBuildFile; fileRef = 1653BEF72435DE140016A6C9 /* Main.storyboard */; };
		1653BEFB2435DE150016A6C9 /* Assets.xcassets in Resources */ = {isa = PBXBuildFile; fileRef = 1653BEFA2435DE150016A6C9 /* Assets.xcassets */; };
		1653BEFE2435DE150016A6C9 /* LaunchScreen.storyboard in Resources */ = {isa = PBXBuildFile; fileRef = 1653BEFC2435DE150016A6C9 /* LaunchScreen.storyboard */; };
		1653BF092435DE150016A6C9 /* HandySousChefTests.swift in Sources */ = {isa = PBXBuildFile; fileRef = 1653BF082435DE150016A6C9 /* HandySousChefTests.swift */; };
		1653BF142435DE150016A6C9 /* HandySousChefUITests.swift in Sources */ = {isa = PBXBuildFile; fileRef = 1653BF132435DE150016A6C9 /* HandySousChefUITests.swift */; };
		1653BF2B243612CF0016A6C9 /* ViewController.swift in Sources */ = {isa = PBXBuildFile; fileRef = 1653BF2A243612CF0016A6C9 /* ViewController.swift */; };
		16D7F3B9243B6ABB00A26B55 /* RecipieDescCollectionViewCell.swift in Sources */ = {isa = PBXBuildFile; fileRef = 16D7F3B7243B6ABB00A26B55 /* RecipieDescCollectionViewCell.swift */; };
		16D7F3BA243B6ABB00A26B55 /* RecipieDescCollectionViewCell.xib in Resources */ = {isa = PBXBuildFile; fileRef = 16D7F3B8243B6ABB00A26B55 /* RecipieDescCollectionViewCell.xib */; };
		16D7F3BC243B6AD000A26B55 /* RecipieDesc.swift in Sources */ = {isa = PBXBuildFile; fileRef = 16D7F3BB243B6AD000A26B55 /* RecipieDesc.swift */; };
		7F526E994353C60BEFBB83D6 /* Pods_HandySousChef_HandySousChefUITests.framework in Frameworks */ = {isa = PBXBuildFile; fileRef = FD674E9F593A26B3F640BF04 /* Pods_HandySousChef_HandySousChefUITests.framework */; };
		C63BCD81B81697407A35A8CC /* Pods_HandySousChef.framework in Frameworks */ = {isa = PBXBuildFile; fileRef = 4C421F0F5267874D154BF567 /* Pods_HandySousChef.framework */; };
		FD85306579E1248A666E4DC3 /* Pods_HandySousChefTests.framework in Frameworks */ = {isa = PBXBuildFile; fileRef = 531A4B3A2E90AB87CCB6C3C7 /* Pods_HandySousChefTests.framework */; };
/* End PBXBuildFile section */

/* Begin PBXContainerItemProxy section */
		1653BF052435DE150016A6C9 /* PBXContainerItemProxy */ = {
			isa = PBXContainerItemProxy;
			containerPortal = 1653BEE62435DE140016A6C9 /* Project object */;
			proxyType = 1;
			remoteGlobalIDString = 1653BEED2435DE140016A6C9;
			remoteInfo = HandySousChef;
		};
		1653BF102435DE150016A6C9 /* PBXContainerItemProxy */ = {
			isa = PBXContainerItemProxy;
			containerPortal = 1653BEE62435DE140016A6C9 /* Project object */;
			proxyType = 1;
			remoteGlobalIDString = 1653BEED2435DE140016A6C9;
			remoteInfo = HandySousChef;
		};
/* End PBXContainerItemProxy section */

/* Begin PBXFileReference section */
		14D423536A6E96FE520C8FAF /* Pods-HandySousChefTests.release.xcconfig */ = {isa = PBXFileReference; includeInIndex = 1; lastKnownFileType = text.xcconfig; name = "Pods-HandySousChefTests.release.xcconfig"; path = "Target Support Files/Pods-HandySousChefTests/Pods-HandySousChefTests.release.xcconfig"; sourceTree = "<group>"; };
		16308B76243C6E7400777101 /* HandySousChef-Bridging-Header.h */ = {isa = PBXFileReference; lastKnownFileType = sourcecode.c.h; path = "HandySousChef-Bridging-Header.h"; sourceTree = "<group>"; };
		16308B81243C914C00777101 /* VideoLauncher.swift */ = {isa = PBXFileReference; lastKnownFileType = sourcecode.swift; path = VideoLauncher.swift; sourceTree = "<group>"; };
		1637541824377E430021F808 /* MealCollectionViewCell.swift */ = {isa = PBXFileReference; lastKnownFileType = sourcecode.swift; path = MealCollectionViewCell.swift; sourceTree = "<group>"; };
		1637541924377E430021F808 /* MealCollectionViewCell.xib */ = {isa = PBXFileReference; lastKnownFileType = file.xib; path = MealCollectionViewCell.xib; sourceTree = "<group>"; };
		1637541C243781E80021F808 /* SwippingModel.swift */ = {isa = PBXFileReference; lastKnownFileType = sourcecode.swift; path = SwippingModel.swift; sourceTree = "<group>"; };
		163EEB892439C81F0098DF3F /* Recommendation.swift */ = {isa = PBXFileReference; lastKnownFileType = sourcecode.swift; path = Recommendation.swift; sourceTree = "<group>"; };
		163EEB8C243A07400098DF3F /* RecommendationCollectionViewCell.swift */ = {isa = PBXFileReference; lastKnownFileType = sourcecode.swift; path = RecommendationCollectionViewCell.swift; sourceTree = "<group>"; };
		163EEB8D243A07400098DF3F /* RecommendationCollectionViewCell.xib */ = {isa = PBXFileReference; lastKnownFileType = file.xib; path = RecommendationCollectionViewCell.xib; sourceTree = "<group>"; };
		1642F785243EF18A00527DB1 /* NavVC.swift */ = {isa = PBXFileReference; fileEncoding = 4; lastKnownFileType = sourcecode.swift; path = NavVC.swift; sourceTree = "<group>"; };
		1653BEEE2435DE140016A6C9 /* HandySousChef.app */ = {isa = PBXFileReference; explicitFileType = wrapper.application; includeInIndex = 0; path = HandySousChef.app; sourceTree = BUILT_PRODUCTS_DIR; };
		1653BEF12435DE140016A6C9 /* AppDelegate.swift */ = {isa = PBXFileReference; lastKnownFileType = sourcecode.swift; path = AppDelegate.swift; sourceTree = "<group>"; };
		1653BEF32435DE140016A6C9 /* SceneDelegate.swift */ = {isa = PBXFileReference; lastKnownFileType = sourcecode.swift; path = SceneDelegate.swift; sourceTree = "<group>"; };
		1653BEF82435DE140016A6C9 /* Base */ = {isa = PBXFileReference; lastKnownFileType = file.storyboard; name = Base; path = Base.lproj/Main.storyboard; sourceTree = "<group>"; };
		1653BEFA2435DE150016A6C9 /* Assets.xcassets */ = {isa = PBXFileReference; lastKnownFileType = folder.assetcatalog; path = Assets.xcassets; sourceTree = "<group>"; };
		1653BEFD2435DE150016A6C9 /* Base */ = {isa = PBXFileReference; lastKnownFileType = file.storyboard; name = Base; path = Base.lproj/LaunchScreen.storyboard; sourceTree = "<group>"; };
		1653BEFF2435DE150016A6C9 /* Info.plist */ = {isa = PBXFileReference; lastKnownFileType = text.plist.xml; path = Info.plist; sourceTree = "<group>"; };
		1653BF042435DE150016A6C9 /* HandySousChefTests.xctest */ = {isa = PBXFileReference; explicitFileType = wrapper.cfbundle; includeInIndex = 0; path = HandySousChefTests.xctest; sourceTree = BUILT_PRODUCTS_DIR; };
		1653BF082435DE150016A6C9 /* HandySousChefTests.swift */ = {isa = PBXFileReference; lastKnownFileType = sourcecode.swift; path = HandySousChefTests.swift; sourceTree = "<group>"; };
		1653BF0A2435DE150016A6C9 /* Info.plist */ = {isa = PBXFileReference; lastKnownFileType = text.plist.xml; path = Info.plist; sourceTree = "<group>"; };
		1653BF0F2435DE150016A6C9 /* HandySousChefUITests.xctest */ = {isa = PBXFileReference; explicitFileType = wrapper.cfbundle; includeInIndex = 0; path = HandySousChefUITests.xctest; sourceTree = BUILT_PRODUCTS_DIR; };
		1653BF132435DE150016A6C9 /* HandySousChefUITests.swift */ = {isa = PBXFileReference; lastKnownFileType = sourcecode.swift; path = HandySousChefUITests.swift; sourceTree = "<group>"; };
		1653BF152435DE150016A6C9 /* Info.plist */ = {isa = PBXFileReference; lastKnownFileType = text.plist.xml; path = Info.plist; sourceTree = "<group>"; };
		1653BF2A243612CF0016A6C9 /* ViewController.swift */ = {isa = PBXFileReference; lastKnownFileType = sourcecode.swift; path = ViewController.swift; sourceTree = "<group>"; };
		16D7F3B7243B6ABB00A26B55 /* RecipieDescCollectionViewCell.swift */ = {isa = PBXFileReference; lastKnownFileType = sourcecode.swift; path = RecipieDescCollectionViewCell.swift; sourceTree = "<group>"; };
		16D7F3B8243B6ABB00A26B55 /* RecipieDescCollectionViewCell.xib */ = {isa = PBXFileReference; lastKnownFileType = file.xib; path = RecipieDescCollectionViewCell.xib; sourceTree = "<group>"; };
		16D7F3BB243B6AD000A26B55 /* RecipieDesc.swift */ = {isa = PBXFileReference; lastKnownFileType = sourcecode.swift; path = RecipieDesc.swift; sourceTree = "<group>"; };
		2E6390AA4E0761AF0975528F /* Pods-HandySousChef-HandySousChefUITests.release.xcconfig */ = {isa = PBXFileReference; includeInIndex = 1; lastKnownFileType = text.xcconfig; name = "Pods-HandySousChef-HandySousChefUITests.release.xcconfig"; path = "Target Support Files/Pods-HandySousChef-HandySousChefUITests/Pods-HandySousChef-HandySousChefUITests.release.xcconfig"; sourceTree = "<group>"; };
		4A3B4150131BE0F8AB1B9AF3 /* Pods-HandySousChefTests.debug.xcconfig */ = {isa = PBXFileReference; includeInIndex = 1; lastKnownFileType = text.xcconfig; name = "Pods-HandySousChefTests.debug.xcconfig"; path = "Target Support Files/Pods-HandySousChefTests/Pods-HandySousChefTests.debug.xcconfig"; sourceTree = "<group>"; };
		4C421F0F5267874D154BF567 /* Pods_HandySousChef.framework */ = {isa = PBXFileReference; explicitFileType = wrapper.framework; includeInIndex = 0; path = Pods_HandySousChef.framework; sourceTree = BUILT_PRODUCTS_DIR; };
		531A4B3A2E90AB87CCB6C3C7 /* Pods_HandySousChefTests.framework */ = {isa = PBXFileReference; explicitFileType = wrapper.framework; includeInIndex = 0; path = Pods_HandySousChefTests.framework; sourceTree = BUILT_PRODUCTS_DIR; };
		9D26A46E340F695E45BCB7CE /* Pods-HandySousChef.debug.xcconfig */ = {isa = PBXFileReference; includeInIndex = 1; lastKnownFileType = text.xcconfig; name = "Pods-HandySousChef.debug.xcconfig"; path = "Target Support Files/Pods-HandySousChef/Pods-HandySousChef.debug.xcconfig"; sourceTree = "<group>"; };
		D030DE8459D900810813BF3F /* Pods-HandySousChef.release.xcconfig */ = {isa = PBXFileReference; includeInIndex = 1; lastKnownFileType = text.xcconfig; name = "Pods-HandySousChef.release.xcconfig"; path = "Target Support Files/Pods-HandySousChef/Pods-HandySousChef.release.xcconfig"; sourceTree = "<group>"; };
		D876A9F69D1B89A46FCB3433 /* Pods-HandySousChef-HandySousChefUITests.debug.xcconfig */ = {isa = PBXFileReference; includeInIndex = 1; lastKnownFileType = text.xcconfig; name = "Pods-HandySousChef-HandySousChefUITests.debug.xcconfig"; path = "Target Support Files/Pods-HandySousChef-HandySousChefUITests/Pods-HandySousChef-HandySousChefUITests.debug.xcconfig"; sourceTree = "<group>"; };
		FD674E9F593A26B3F640BF04 /* Pods_HandySousChef_HandySousChefUITests.framework */ = {isa = PBXFileReference; explicitFileType = wrapper.framework; includeInIndex = 0; path = Pods_HandySousChef_HandySousChefUITests.framework; sourceTree = BUILT_PRODUCTS_DIR; };
/* End PBXFileReference section */

/* Begin PBXFrameworksBuildPhase section */
		1653BEEB2435DE140016A6C9 /* Frameworks */ = {
			isa = PBXFrameworksBuildPhase;
			buildActionMask = 2147483647;
			files = (
				C63BCD81B81697407A35A8CC /* Pods_HandySousChef.framework in Frameworks */,
			);
			runOnlyForDeploymentPostprocessing = 0;
		};
		1653BF012435DE150016A6C9 /* Frameworks */ = {
			isa = PBXFrameworksBuildPhase;
			buildActionMask = 2147483647;
			files = (
				FD85306579E1248A666E4DC3 /* Pods_HandySousChefTests.framework in Frameworks */,
			);
			runOnlyForDeploymentPostprocessing = 0;
		};
		1653BF0C2435DE150016A6C9 /* Frameworks */ = {
			isa = PBXFrameworksBuildPhase;
			buildActionMask = 2147483647;
			files = (
				7F526E994353C60BEFBB83D6 /* Pods_HandySousChef_HandySousChefUITests.framework in Frameworks */,
			);
			runOnlyForDeploymentPostprocessing = 0;
		};
/* End PBXFrameworksBuildPhase section */

/* Begin PBXGroup section */
		16308B80243C913700777101 /* helper */ = {
			isa = PBXGroup;
			children = (
				16308B81243C914C00777101 /* VideoLauncher.swift */,
			);
			path = helper;
			sourceTree = "<group>";
		};
		1637540B24374AE40021F808 /* Scenes */ = {
			isa = PBXGroup;
			children = (
				16D7F3B5243B6A5000A26B55 /* RecipieDesc */,
				163EEB882439C79B0098DF3F /* Recommendation */,
				1637540C24374AF00021F808 /* MealSelect */,
			);
			path = Scenes;
			sourceTree = "<group>";
		};
		1637540C24374AF00021F808 /* MealSelect */ = {
			isa = PBXGroup;
			children = (
				16375411243771E40021F808 /* MealSelectCell */,
				1637541C243781E80021F808 /* SwippingModel.swift */,
			);
			path = MealSelect;
			sourceTree = "<group>";
		};
		16375411243771E40021F808 /* MealSelectCell */ = {
			isa = PBXGroup;
			children = (
				1637541824377E430021F808 /* MealCollectionViewCell.swift */,
				1637541924377E430021F808 /* MealCollectionViewCell.xib */,
			);
			path = MealSelectCell;
			sourceTree = "<group>";
		};
		163EEB882439C79B0098DF3F /* Recommendation */ = {
			isa = PBXGroup;
			children = (
				163EEB8B243A07050098DF3F /* RecommendationCell */,
				163EEB892439C81F0098DF3F /* Recommendation.swift */,
			);
			path = Recommendation;
			sourceTree = "<group>";
		};
		163EEB8B243A07050098DF3F /* RecommendationCell */ = {
			isa = PBXGroup;
			children = (
				163EEB8C243A07400098DF3F /* RecommendationCollectionViewCell.swift */,
				163EEB8D243A07400098DF3F /* RecommendationCollectionViewCell.xib */,
			);
			path = RecommendationCell;
			sourceTree = "<group>";
		};
		1653BEE52435DE140016A6C9 = {
			isa = PBXGroup;
			children = (
				1653BEF02435DE140016A6C9 /* HandySousChef */,
				1653BF072435DE150016A6C9 /* HandySousChefTests */,
				1653BF122435DE150016A6C9 /* HandySousChefUITests */,
				1653BEEF2435DE140016A6C9 /* Products */,
				8DE2B0CF4647902871B10AF2 /* Pods */,
				5BCE9FE6710129C2C9AF6386 /* Frameworks */,
			);
			sourceTree = "<group>";
		};
		1653BEEF2435DE140016A6C9 /* Products */ = {
			isa = PBXGroup;
			children = (
				1653BEEE2435DE140016A6C9 /* HandySousChef.app */,
				1653BF042435DE150016A6C9 /* HandySousChefTests.xctest */,
				1653BF0F2435DE150016A6C9 /* HandySousChefUITests.xctest */,
			);
			name = Products;
			sourceTree = "<group>";
		};
		1653BEF02435DE140016A6C9 /* HandySousChef */ = {
			isa = PBXGroup;
			children = (
				16308B80243C913700777101 /* helper */,
				1637540B24374AE40021F808 /* Scenes */,
				1653BEF12435DE140016A6C9 /* AppDelegate.swift */,
				1642F785243EF18A00527DB1 /* NavVC.swift */,
				1653BEF32435DE140016A6C9 /* SceneDelegate.swift */,
				1653BF2A243612CF0016A6C9 /* ViewController.swift */,
				1653BEF72435DE140016A6C9 /* Main.storyboard */,
				1653BEFA2435DE150016A6C9 /* Assets.xcassets */,
				1653BEFC2435DE150016A6C9 /* LaunchScreen.storyboard */,
				1653BEFF2435DE150016A6C9 /* Info.plist */,
				16308B76243C6E7400777101 /* HandySousChef-Bridging-Header.h */,
			);
			path = HandySousChef;
			sourceTree = "<group>";
		};
		1653BF072435DE150016A6C9 /* HandySousChefTests */ = {
			isa = PBXGroup;
			children = (
				1653BF082435DE150016A6C9 /* HandySousChefTests.swift */,
				1653BF0A2435DE150016A6C9 /* Info.plist */,
			);
			path = HandySousChefTests;
			sourceTree = "<group>";
		};
		1653BF122435DE150016A6C9 /* HandySousChefUITests */ = {
			isa = PBXGroup;
			children = (
				1653BF132435DE150016A6C9 /* HandySousChefUITests.swift */,
				1653BF152435DE150016A6C9 /* Info.plist */,
			);
			path = HandySousChefUITests;
			sourceTree = "<group>";
		};
		16D7F3B5243B6A5000A26B55 /* RecipieDesc */ = {
			isa = PBXGroup;
			children = (
				16D7F3B6243B6A7700A26B55 /* RecipieDescCell */,
				16D7F3BB243B6AD000A26B55 /* RecipieDesc.swift */,
			);
			path = RecipieDesc;
			sourceTree = "<group>";
		};
		16D7F3B6243B6A7700A26B55 /* RecipieDescCell */ = {
			isa = PBXGroup;
			children = (
				16D7F3B7243B6ABB00A26B55 /* RecipieDescCollectionViewCell.swift */,
				16D7F3B8243B6ABB00A26B55 /* RecipieDescCollectionViewCell.xib */,
			);
			path = RecipieDescCell;
			sourceTree = "<group>";
		};
		5BCE9FE6710129C2C9AF6386 /* Frameworks */ = {
			isa = PBXGroup;
			children = (
				4C421F0F5267874D154BF567 /* Pods_HandySousChef.framework */,
				FD674E9F593A26B3F640BF04 /* Pods_HandySousChef_HandySousChefUITests.framework */,
				531A4B3A2E90AB87CCB6C3C7 /* Pods_HandySousChefTests.framework */,
			);
			name = Frameworks;
			sourceTree = "<group>";
		};
		8DE2B0CF4647902871B10AF2 /* Pods */ = {
			isa = PBXGroup;
			children = (
				9D26A46E340F695E45BCB7CE /* Pods-HandySousChef.debug.xcconfig */,
				D030DE8459D900810813BF3F /* Pods-HandySousChef.release.xcconfig */,
				D876A9F69D1B89A46FCB3433 /* Pods-HandySousChef-HandySousChefUITests.debug.xcconfig */,
				2E6390AA4E0761AF0975528F /* Pods-HandySousChef-HandySousChefUITests.release.xcconfig */,
				4A3B4150131BE0F8AB1B9AF3 /* Pods-HandySousChefTests.debug.xcconfig */,
				14D423536A6E96FE520C8FAF /* Pods-HandySousChefTests.release.xcconfig */,
			);
			path = Pods;
			sourceTree = "<group>";
		};
/* End PBXGroup section */

/* Begin PBXNativeTarget section */
		1653BEED2435DE140016A6C9 /* HandySousChef */ = {
			isa = PBXNativeTarget;
			buildConfigurationList = 1653BF182435DE150016A6C9 /* Build configuration list for PBXNativeTarget "HandySousChef" */;
			buildPhases = (
				21119E33C97CA13E9A2D8BF8 /* [CP] Check Pods Manifest.lock */,
				1653BEEA2435DE140016A6C9 /* Sources */,
				1653BEEB2435DE140016A6C9 /* Frameworks */,
				1653BEEC2435DE140016A6C9 /* Resources */,
				1918268CD601392C1C9EFBE0 /* [CP] Embed Pods Frameworks */,
			);
			buildRules = (
			);
			dependencies = (
			);
			name = HandySousChef;
			productName = HandySousChef;
			productReference = 1653BEEE2435DE140016A6C9 /* HandySousChef.app */;
			productType = "com.apple.product-type.application";
		};
		1653BF032435DE150016A6C9 /* HandySousChefTests */ = {
			isa = PBXNativeTarget;
			buildConfigurationList = 1653BF1B2435DE150016A6C9 /* Build configuration list for PBXNativeTarget "HandySousChefTests" */;
			buildPhases = (
				0DF6375701C325DBA451A996 /* [CP] Check Pods Manifest.lock */,
				1653BF002435DE150016A6C9 /* Sources */,
				1653BF012435DE150016A6C9 /* Frameworks */,
				1653BF022435DE150016A6C9 /* Resources */,
			);
			buildRules = (
			);
			dependencies = (
				1653BF062435DE150016A6C9 /* PBXTargetDependency */,
			);
			name = HandySousChefTests;
			productName = HandySousChefTests;
			productReference = 1653BF042435DE150016A6C9 /* HandySousChefTests.xctest */;
			productType = "com.apple.product-type.bundle.unit-test";
		};
		1653BF0E2435DE150016A6C9 /* HandySousChefUITests */ = {
			isa = PBXNativeTarget;
			buildConfigurationList = 1653BF1E2435DE150016A6C9 /* Build configuration list for PBXNativeTarget "HandySousChefUITests" */;
			buildPhases = (
				03FECB5E1A5A0896ABE9DE5B /* [CP] Check Pods Manifest.lock */,
				1653BF0B2435DE150016A6C9 /* Sources */,
				1653BF0C2435DE150016A6C9 /* Frameworks */,
				1653BF0D2435DE150016A6C9 /* Resources */,
				48C87608FAC9777B78A36D92 /* [CP] Embed Pods Frameworks */,
			);
			buildRules = (
			);
			dependencies = (
				1653BF112435DE150016A6C9 /* PBXTargetDependency */,
			);
			name = HandySousChefUITests;
			productName = HandySousChefUITests;
			productReference = 1653BF0F2435DE150016A6C9 /* HandySousChefUITests.xctest */;
			productType = "com.apple.product-type.bundle.ui-testing";
		};
/* End PBXNativeTarget section */

/* Begin PBXProject section */
		1653BEE62435DE140016A6C9 /* Project object */ = {
			isa = PBXProject;
			attributes = {
				LastSwiftUpdateCheck = 1120;
				LastUpgradeCheck = 1120;
				ORGANIZATIONNAME = "Usman Mukhtar";
				TargetAttributes = {
					1653BEED2435DE140016A6C9 = {
						CreatedOnToolsVersion = 11.2.1;
						LastSwiftMigration = 1120;
					};
					1653BF032435DE150016A6C9 = {
						CreatedOnToolsVersion = 11.2.1;
						TestTargetID = 1653BEED2435DE140016A6C9;
					};
					1653BF0E2435DE150016A6C9 = {
						CreatedOnToolsVersion = 11.2.1;
						TestTargetID = 1653BEED2435DE140016A6C9;
					};
				};
			};
			buildConfigurationList = 1653BEE92435DE140016A6C9 /* Build configuration list for PBXProject "HandySousChef" */;
			compatibilityVersion = "Xcode 9.3";
			developmentRegion = en;
			hasScannedForEncodings = 0;
			knownRegions = (
				en,
				Base,
			);
			mainGroup = 1653BEE52435DE140016A6C9;
			productRefGroup = 1653BEEF2435DE140016A6C9 /* Products */;
			projectDirPath = "";
			projectRoot = "";
			targets = (
				1653BEED2435DE140016A6C9 /* HandySousChef */,
				1653BF032435DE150016A6C9 /* HandySousChefTests */,
				1653BF0E2435DE150016A6C9 /* HandySousChefUITests */,
			);
		};
/* End PBXProject section */

/* Begin PBXResourcesBuildPhase section */
		1653BEEC2435DE140016A6C9 /* Resources */ = {
			isa = PBXResourcesBuildPhase;
			buildActionMask = 2147483647;
			files = (
				1653BEFE2435DE150016A6C9 /* LaunchScreen.storyboard in Resources */,
				1653BEFB2435DE150016A6C9 /* Assets.xcassets in Resources */,
				163EEB8F243A07400098DF3F /* RecommendationCollectionViewCell.xib in Resources */,
				1637541B24377E430021F808 /* MealCollectionViewCell.xib in Resources */,
				1653BEF92435DE140016A6C9 /* Main.storyboard in Resources */,
				16D7F3BA243B6ABB00A26B55 /* RecipieDescCollectionViewCell.xib in Resources */,
			);
			runOnlyForDeploymentPostprocessing = 0;
		};
		1653BF022435DE150016A6C9 /* Resources */ = {
			isa = PBXResourcesBuildPhase;
			buildActionMask = 2147483647;
			files = (
			);
			runOnlyForDeploymentPostprocessing = 0;
		};
		1653BF0D2435DE150016A6C9 /* Resources */ = {
			isa = PBXResourcesBuildPhase;
			buildActionMask = 2147483647;
			files = (
			);
			runOnlyForDeploymentPostprocessing = 0;
		};
/* End PBXResourcesBuildPhase section */

/* Begin PBXShellScriptBuildPhase section */
		03FECB5E1A5A0896ABE9DE5B /* [CP] Check Pods Manifest.lock */ = {
			isa = PBXShellScriptBuildPhase;
			buildActionMask = 2147483647;
			files = (
			);
			inputFileListPaths = (
			);
			inputPaths = (
				"${PODS_PODFILE_DIR_PATH}/Podfile.lock",
				"${PODS_ROOT}/Manifest.lock",
			);
			name = "[CP] Check Pods Manifest.lock";
			outputFileListPaths = (
			);
			outputPaths = (
				"$(DERIVED_FILE_DIR)/Pods-HandySousChef-HandySousChefUITests-checkManifestLockResult.txt",
			);
			runOnlyForDeploymentPostprocessing = 0;
			shellPath = /bin/sh;
			shellScript = "diff \"${PODS_PODFILE_DIR_PATH}/Podfile.lock\" \"${PODS_ROOT}/Manifest.lock\" > /dev/null\nif [ $? != 0 ] ; then\n    # print error to STDERR\n    echo \"error: The sandbox is not in sync with the Podfile.lock. Run 'pod install' or update your CocoaPods installation.\" >&2\n    exit 1\nfi\n# This output is used by Xcode 'outputs' to avoid re-running this script phase.\necho \"SUCCESS\" > \"${SCRIPT_OUTPUT_FILE_0}\"\n";
			showEnvVarsInLog = 0;
		};
		0DF6375701C325DBA451A996 /* [CP] Check Pods Manifest.lock */ = {
			isa = PBXShellScriptBuildPhase;
			buildActionMask = 2147483647;
			files = (
			);
			inputFileListPaths = (
			);
			inputPaths = (
				"${PODS_PODFILE_DIR_PATH}/Podfile.lock",
				"${PODS_ROOT}/Manifest.lock",
			);
			name = "[CP] Check Pods Manifest.lock";
			outputFileListPaths = (
			);
			outputPaths = (
				"$(DERIVED_FILE_DIR)/Pods-HandySousChefTests-checkManifestLockResult.txt",
			);
			runOnlyForDeploymentPostprocessing = 0;
			shellPath = /bin/sh;
			shellScript = "diff \"${PODS_PODFILE_DIR_PATH}/Podfile.lock\" \"${PODS_ROOT}/Manifest.lock\" > /dev/null\nif [ $? != 0 ] ; then\n    # print error to STDERR\n    echo \"error: The sandbox is not in sync with the Podfile.lock. Run 'pod install' or update your CocoaPods installation.\" >&2\n    exit 1\nfi\n# This output is used by Xcode 'outputs' to avoid re-running this script phase.\necho \"SUCCESS\" > \"${SCRIPT_OUTPUT_FILE_0}\"\n";
			showEnvVarsInLog = 0;
		};
		1918268CD601392C1C9EFBE0 /* [CP] Embed Pods Frameworks */ = {
			isa = PBXShellScriptBuildPhase;
			buildActionMask = 2147483647;
			files = (
			);
			inputFileListPaths = (
				"${PODS_ROOT}/Target Support Files/Pods-HandySousChef/Pods-HandySousChef-frameworks-${CONFIGURATION}-input-files.xcfilelist",
			);
			name = "[CP] Embed Pods Frameworks";
			outputFileListPaths = (
				"${PODS_ROOT}/Target Support Files/Pods-HandySousChef/Pods-HandySousChef-frameworks-${CONFIGURATION}-output-files.xcfilelist",
			);
			runOnlyForDeploymentPostprocessing = 0;
			shellPath = /bin/sh;
			shellScript = "\"${PODS_ROOT}/Target Support Files/Pods-HandySousChef/Pods-HandySousChef-frameworks.sh\"\n";
			showEnvVarsInLog = 0;
		};
		21119E33C97CA13E9A2D8BF8 /* [CP] Check Pods Manifest.lock */ = {
			isa = PBXShellScriptBuildPhase;
			buildActionMask = 2147483647;
			files = (
			);
			inputFileListPaths = (
			);
			inputPaths = (
				"${PODS_PODFILE_DIR_PATH}/Podfile.lock",
				"${PODS_ROOT}/Manifest.lock",
			);
			name = "[CP] Check Pods Manifest.lock";
			outputFileListPaths = (
			);
			outputPaths = (
				"$(DERIVED_FILE_DIR)/Pods-HandySousChef-checkManifestLockResult.txt",
			);
			runOnlyForDeploymentPostprocessing = 0;
			shellPath = /bin/sh;
			shellScript = "diff \"${PODS_PODFILE_DIR_PATH}/Podfile.lock\" \"${PODS_ROOT}/Manifest.lock\" > /dev/null\nif [ $? != 0 ] ; then\n    # print error to STDERR\n    echo \"error: The sandbox is not in sync with the Podfile.lock. Run 'pod install' or update your CocoaPods installation.\" >&2\n    exit 1\nfi\n# This output is used by Xcode 'outputs' to avoid re-running this script phase.\necho \"SUCCESS\" > \"${SCRIPT_OUTPUT_FILE_0}\"\n";
			showEnvVarsInLog = 0;
		};
		48C87608FAC9777B78A36D92 /* [CP] Embed Pods Frameworks */ = {
			isa = PBXShellScriptBuildPhase;
			buildActionMask = 2147483647;
			files = (
			);
			inputFileListPaths = (
				"${PODS_ROOT}/Target Support Files/Pods-HandySousChef-HandySousChefUITests/Pods-HandySousChef-HandySousChefUITests-frameworks-${CONFIGURATION}-input-files.xcfilelist",
			);
			name = "[CP] Embed Pods Frameworks";
			outputFileListPaths = (
				"${PODS_ROOT}/Target Support Files/Pods-HandySousChef-HandySousChefUITests/Pods-HandySousChef-HandySousChefUITests-frameworks-${CONFIGURATION}-output-files.xcfilelist",
			);
			runOnlyForDeploymentPostprocessing = 0;
			shellPath = /bin/sh;
			shellScript = "\"${PODS_ROOT}/Target Support Files/Pods-HandySousChef-HandySousChefUITests/Pods-HandySousChef-HandySousChefUITests-frameworks.sh\"\n";
			showEnvVarsInLog = 0;
		};
/* End PBXShellScriptBuildPhase section */

/* Begin PBXSourcesBuildPhase section */
		1653BEEA2435DE140016A6C9 /* Sources */ = {
			isa = PBXSourcesBuildPhase;
			buildActionMask = 2147483647;
			files = (
				1653BEF22435DE140016A6C9 /* AppDelegate.swift in Sources */,
				1653BF2B243612CF0016A6C9 /* ViewController.swift in Sources */,
				1653BEF42435DE140016A6C9 /* SceneDelegate.swift in Sources */,
				1642F786243EF18A00527DB1 /* NavVC.swift in Sources */,
				1637541A24377E430021F808 /* MealCollectionViewCell.swift in Sources */,
				163EEB8E243A07400098DF3F /* RecommendationCollectionViewCell.swift in Sources */,
				16D7F3BC243B6AD000A26B55 /* RecipieDesc.swift in Sources */,
				16D7F3B9243B6ABB00A26B55 /* RecipieDescCollectionViewCell.swift in Sources */,
				16308B82243C914C00777101 /* VideoLauncher.swift in Sources */,
				163EEB8A2439C81F0098DF3F /* Recommendation.swift in Sources */,
				1637541D243781E80021F808 /* SwippingModel.swift in Sources */,
			);
			runOnlyForDeploymentPostprocessing = 0;
		};
		1653BF002435DE150016A6C9 /* Sources */ = {
			isa = PBXSourcesBuildPhase;
			buildActionMask = 2147483647;
			files = (
				1653BF092435DE150016A6C9 /* HandySousChefTests.swift in Sources */,
			);
			runOnlyForDeploymentPostprocessing = 0;
		};
		1653BF0B2435DE150016A6C9 /* Sources */ = {
			isa = PBXSourcesBuildPhase;
			buildActionMask = 2147483647;
			files = (
				1653BF142435DE150016A6C9 /* HandySousChefUITests.swift in Sources */,
			);
			runOnlyForDeploymentPostprocessing = 0;
		};
/* End PBXSourcesBuildPhase section */

/* Begin PBXTargetDependency section */
		1653BF062435DE150016A6C9 /* PBXTargetDependency */ = {
			isa = PBXTargetDependency;
			target = 1653BEED2435DE140016A6C9 /* HandySousChef */;
			targetProxy = 1653BF052435DE150016A6C9 /* PBXContainerItemProxy */;
		};
		1653BF112435DE150016A6C9 /* PBXTargetDependency */ = {
			isa = PBXTargetDependency;
			target = 1653BEED2435DE140016A6C9 /* HandySousChef */;
			targetProxy = 1653BF102435DE150016A6C9 /* PBXContainerItemProxy */;
		};
/* End PBXTargetDependency section */

/* Begin PBXVariantGroup section */
		1653BEF72435DE140016A6C9 /* Main.storyboard */ = {
			isa = PBXVariantGroup;
			children = (
				1653BEF82435DE140016A6C9 /* Base */,
			);
			name = Main.storyboard;
			sourceTree = "<group>";
		};
		1653BEFC2435DE150016A6C9 /* LaunchScreen.storyboard */ = {
			isa = PBXVariantGroup;
			children = (
				1653BEFD2435DE150016A6C9 /* Base */,
			);
			name = LaunchScreen.storyboard;
			sourceTree = "<group>";
		};
/* End PBXVariantGroup section */

/* Begin XCBuildConfiguration section */
		1653BF162435DE150016A6C9 /* Debug */ = {
			isa = XCBuildConfiguration;
			buildSettings = {
				ALWAYS_SEARCH_USER_PATHS = NO;
				CLANG_ANALYZER_NONNULL = YES;
				CLANG_ANALYZER_NUMBER_OBJECT_CONVERSION = YES_AGGRESSIVE;
				CLANG_CXX_LANGUAGE_STANDARD = "gnu++14";
				CLANG_CXX_LIBRARY = "libc++";
				CLANG_ENABLE_MODULES = YES;
				CLANG_ENABLE_OBJC_ARC = YES;
				CLANG_ENABLE_OBJC_WEAK = YES;
				CLANG_WARN_BLOCK_CAPTURE_AUTORELEASING = YES;
				CLANG_WARN_BOOL_CONVERSION = YES;
				CLANG_WARN_COMMA = YES;
				CLANG_WARN_CONSTANT_CONVERSION = YES;
				CLANG_WARN_DEPRECATED_OBJC_IMPLEMENTATIONS = YES;
				CLANG_WARN_DIRECT_OBJC_ISA_USAGE = YES_ERROR;
				CLANG_WARN_DOCUMENTATION_COMMENTS = YES;
				CLANG_WARN_EMPTY_BODY = YES;
				CLANG_WARN_ENUM_CONVERSION = YES;
				CLANG_WARN_INFINITE_RECURSION = YES;
				CLANG_WARN_INT_CONVERSION = YES;
				CLANG_WARN_NON_LITERAL_NULL_CONVERSION = YES;
				CLANG_WARN_OBJC_IMPLICIT_RETAIN_SELF = YES;
				CLANG_WARN_OBJC_LITERAL_CONVERSION = YES;
				CLANG_WARN_OBJC_ROOT_CLASS = YES_ERROR;
				CLANG_WARN_RANGE_LOOP_ANALYSIS = YES;
				CLANG_WARN_STRICT_PROTOTYPES = YES;
				CLANG_WARN_SUSPICIOUS_MOVE = YES;
				CLANG_WARN_UNGUARDED_AVAILABILITY = YES_AGGRESSIVE;
				CLANG_WARN_UNREACHABLE_CODE = YES;
				CLANG_WARN__DUPLICATE_METHOD_MATCH = YES;
				COPY_PHASE_STRIP = NO;
				DEBUG_INFORMATION_FORMAT = dwarf;
				ENABLE_STRICT_OBJC_MSGSEND = YES;
				ENABLE_TESTABILITY = YES;
				GCC_C_LANGUAGE_STANDARD = gnu11;
				GCC_DYNAMIC_NO_PIC = NO;
				GCC_NO_COMMON_BLOCKS = YES;
				GCC_OPTIMIZATION_LEVEL = 0;
				GCC_PREPROCESSOR_DEFINITIONS = (
					"DEBUG=1",
					"$(inherited)",
				);
				GCC_WARN_64_TO_32_BIT_CONVERSION = YES;
				GCC_WARN_ABOUT_RETURN_TYPE = YES_ERROR;
				GCC_WARN_UNDECLARED_SELECTOR = YES;
				GCC_WARN_UNINITIALIZED_AUTOS = YES_AGGRESSIVE;
				GCC_WARN_UNUSED_FUNCTION = YES;
				GCC_WARN_UNUSED_VARIABLE = YES;
				IPHONEOS_DEPLOYMENT_TARGET = 13.2;
				MTL_ENABLE_DEBUG_INFO = INCLUDE_SOURCE;
				MTL_FAST_MATH = YES;
				ONLY_ACTIVE_ARCH = YES;
				SDKROOT = iphoneos;
				SWIFT_ACTIVE_COMPILATION_CONDITIONS = DEBUG;
				SWIFT_OPTIMIZATION_LEVEL = "-Onone";
			};
			name = Debug;
		};
		1653BF172435DE150016A6C9 /* Release */ = {
			isa = XCBuildConfiguration;
			buildSettings = {
				ALWAYS_SEARCH_USER_PATHS = NO;
				CLANG_ANALYZER_NONNULL = YES;
				CLANG_ANALYZER_NUMBER_OBJECT_CONVERSION = YES_AGGRESSIVE;
				CLANG_CXX_LANGUAGE_STANDARD = "gnu++14";
				CLANG_CXX_LIBRARY = "libc++";
				CLANG_ENABLE_MODULES = YES;
				CLANG_ENABLE_OBJC_ARC = YES;
				CLANG_ENABLE_OBJC_WEAK = YES;
				CLANG_WARN_BLOCK_CAPTURE_AUTORELEASING = YES;
				CLANG_WARN_BOOL_CONVERSION = YES;
				CLANG_WARN_COMMA = YES;
				CLANG_WARN_CONSTANT_CONVERSION = YES;
				CLANG_WARN_DEPRECATED_OBJC_IMPLEMENTATIONS = YES;
				CLANG_WARN_DIRECT_OBJC_ISA_USAGE = YES_ERROR;
				CLANG_WARN_DOCUMENTATION_COMMENTS = YES;
				CLANG_WARN_EMPTY_BODY = YES;
				CLANG_WARN_ENUM_CONVERSION = YES;
				CLANG_WARN_INFINITE_RECURSION = YES;
				CLANG_WARN_INT_CONVERSION = YES;
				CLANG_WARN_NON_LITERAL_NULL_CONVERSION = YES;
				CLANG_WARN_OBJC_IMPLICIT_RETAIN_SELF = YES;
				CLANG_WARN_OBJC_LITERAL_CONVERSION = YES;
				CLANG_WARN_OBJC_ROOT_CLASS = YES_ERROR;
				CLANG_WARN_RANGE_LOOP_ANALYSIS = YES;
				CLANG_WARN_STRICT_PROTOTYPES = YES;
				CLANG_WARN_SUSPICIOUS_MOVE = YES;
				CLANG_WARN_UNGUARDED_AVAILABILITY = YES_AGGRESSIVE;
				CLANG_WARN_UNREACHABLE_CODE = YES;
				CLANG_WARN__DUPLICATE_METHOD_MATCH = YES;
				COPY_PHASE_STRIP = NO;
				DEBUG_INFORMATION_FORMAT = "dwarf-with-dsym";
				ENABLE_NS_ASSERTIONS = NO;
				ENABLE_STRICT_OBJC_MSGSEND = YES;
				GCC_C_LANGUAGE_STANDARD = gnu11;
				GCC_NO_COMMON_BLOCKS = YES;
				GCC_WARN_64_TO_32_BIT_CONVERSION = YES;
				GCC_WARN_ABOUT_RETURN_TYPE = YES_ERROR;
				GCC_WARN_UNDECLARED_SELECTOR = YES;
				GCC_WARN_UNINITIALIZED_AUTOS = YES_AGGRESSIVE;
				GCC_WARN_UNUSED_FUNCTION = YES;
				GCC_WARN_UNUSED_VARIABLE = YES;
				IPHONEOS_DEPLOYMENT_TARGET = 13.2;
				MTL_ENABLE_DEBUG_INFO = NO;
				MTL_FAST_MATH = YES;
				SDKROOT = iphoneos;
				SWIFT_COMPILATION_MODE = wholemodule;
				SWIFT_OPTIMIZATION_LEVEL = "-O";
				VALIDATE_PRODUCT = YES;
			};
			name = Release;
		};
		1653BF192435DE150016A6C9 /* Debug */ = {
			isa = XCBuildConfiguration;
			baseConfigurationReference = 9D26A46E340F695E45BCB7CE /* Pods-HandySousChef.debug.xcconfig */;
			buildSettings = {
				ASSETCATALOG_COMPILER_APPICON_NAME = AppIcon;
				CLANG_ENABLE_MODULES = YES;
				CODE_SIGN_STYLE = Automatic;
				DEVELOPMENT_TEAM = W6WC7CXPN4;
				INFOPLIST_FILE = HandySousChef/Info.plist;
				LD_RUNPATH_SEARCH_PATHS = (
					"$(inherited)",
					"@executable_path/Frameworks",
				);
				PRODUCT_BUNDLE_IDENTIFIER = usmanmukhtar.HandySousChef;
				PRODUCT_NAME = "$(TARGET_NAME)";
				SWIFT_OBJC_BRIDGING_HEADER = "HandySousChef/HandySousChef-Bridging-Header.h";
				SWIFT_OPTIMIZATION_LEVEL = "-Onone";
				SWIFT_VERSION = 5.0;
				TARGETED_DEVICE_FAMILY = "1,2";
			};
			name = Debug;
		};
		1653BF1A2435DE150016A6C9 /* Release */ = {
			isa = XCBuildConfiguration;
			baseConfigurationReference = D030DE8459D900810813BF3F /* Pods-HandySousChef.release.xcconfig */;
			buildSettings = {
				ASSETCATALOG_COMPILER_APPICON_NAME = AppIcon;
				CLANG_ENABLE_MODULES = YES;
				CODE_SIGN_STYLE = Automatic;
				DEVELOPMENT_TEAM = W6WC7CXPN4;
				INFOPLIST_FILE = HandySousChef/Info.plist;
				LD_RUNPATH_SEARCH_PATHS = (
					"$(inherited)",
					"@executable_path/Frameworks",
				);
				PRODUCT_BUNDLE_IDENTIFIER = usmanmukhtar.HandySousChef;
				PRODUCT_NAME = "$(TARGET_NAME)";
				SWIFT_OBJC_BRIDGING_HEADER = "HandySousChef/HandySousChef-Bridging-Header.h";
				SWIFT_VERSION = 5.0;
				TARGETED_DEVICE_FAMILY = "1,2";
			};
			name = Release;
		};
		1653BF1C2435DE150016A6C9 /* Debug */ = {
			isa = XCBuildConfiguration;
			baseConfigurationReference = 4A3B4150131BE0F8AB1B9AF3 /* Pods-HandySousChefTests.debug.xcconfig */;
			buildSettings = {
				ALWAYS_EMBED_SWIFT_STANDARD_LIBRARIES = YES;
				BUNDLE_LOADER = "$(TEST_HOST)";
				CODE_SIGN_STYLE = Automatic;
				INFOPLIST_FILE = HandySousChefTests/Info.plist;
				IPHONEOS_DEPLOYMENT_TARGET = 13.2;
				LD_RUNPATH_SEARCH_PATHS = (
					"$(inherited)",
					"@executable_path/Frameworks",
					"@loader_path/Frameworks",
				);
				PRODUCT_BUNDLE_IDENTIFIER = usmanmukhtar.HandySousChefTests;
				PRODUCT_NAME = "$(TARGET_NAME)";
				SWIFT_VERSION = 5.0;
				TARGETED_DEVICE_FAMILY = "1,2";
				TEST_HOST = "$(BUILT_PRODUCTS_DIR)/HandySousChef.app/HandySousChef";
			};
			name = Debug;
		};
		1653BF1D2435DE150016A6C9 /* Release */ = {
			isa = XCBuildConfiguration;
			baseConfigurationReference = 14D423536A6E96FE520C8FAF /* Pods-HandySousChefTests.release.xcconfig */;
			buildSettings = {
				ALWAYS_EMBED_SWIFT_STANDARD_LIBRARIES = YES;
				BUNDLE_LOADER = "$(TEST_HOST)";
				CODE_SIGN_STYLE = Automatic;
				INFOPLIST_FILE = HandySousChefTests/Info.plist;
				IPHONEOS_DEPLOYMENT_TARGET = 13.2;
				LD_RUNPATH_SEARCH_PATHS = (
					"$(inherited)",
					"@executable_path/Frameworks",
					"@loader_path/Frameworks",
				);
				PRODUCT_BUNDLE_IDENTIFIER = usmanmukhtar.HandySousChefTests;
				PRODUCT_NAME = "$(TARGET_NAME)";
				SWIFT_VERSION = 5.0;
				TARGETED_DEVICE_FAMILY = "1,2";
				TEST_HOST = "$(BUILT_PRODUCTS_DIR)/HandySousChef.app/HandySousChef";
			};
			name = Release;
		};
		1653BF1F2435DE150016A6C9 /* Debug */ = {
			isa = XCBuildConfiguration;
			baseConfigurationReference = D876A9F69D1B89A46FCB3433 /* Pods-HandySousChef-HandySousChefUITests.debug.xcconfig */;
			buildSettings = {
				ALWAYS_EMBED_SWIFT_STANDARD_LIBRARIES = YES;
				CODE_SIGN_STYLE = Automatic;
				INFOPLIST_FILE = HandySousChefUITests/Info.plist;
				LD_RUNPATH_SEARCH_PATHS = (
					"$(inherited)",
					"@executable_path/Frameworks",
					"@loader_path/Frameworks",
				);
				PRODUCT_BUNDLE_IDENTIFIER = usmanmukhtar.HandySousChefUITests;
				PRODUCT_NAME = "$(TARGET_NAME)";
				SWIFT_VERSION = 5.0;
				TARGETED_DEVICE_FAMILY = "1,2";
				TEST_TARGET_NAME = HandySousChef;
			};
			name = Debug;
		};
		1653BF202435DE150016A6C9 /* Release */ = {
			isa = XCBuildConfiguration;
			baseConfigurationReference = 2E6390AA4E0761AF0975528F /* Pods-HandySousChef-HandySousChefUITests.release.xcconfig */;
			buildSettings = {
				ALWAYS_EMBED_SWIFT_STANDARD_LIBRARIES = YES;
				CODE_SIGN_STYLE = Automatic;
				INFOPLIST_FILE = HandySousChefUITests/Info.plist;
				LD_RUNPATH_SEARCH_PATHS = (
					"$(inherited)",
					"@executable_path/Frameworks",
					"@loader_path/Frameworks",
				);
				PRODUCT_BUNDLE_IDENTIFIER = usmanmukhtar.HandySousChefUITests;
				PRODUCT_NAME = "$(TARGET_NAME)";
				SWIFT_VERSION = 5.0;
				TARGETED_DEVICE_FAMILY = "1,2";
				TEST_TARGET_NAME = HandySousChef;
			};
			name = Release;
		};
/* End XCBuildConfiguration section */

/* Begin XCConfigurationList section */
		1653BEE92435DE140016A6C9 /* Build configuration list for PBXProject "HandySousChef" */ = {
			isa = XCConfigurationList;
			buildConfigurations = (
				1653BF162435DE150016A6C9 /* Debug */,
				1653BF172435DE150016A6C9 /* Release */,
			);
			defaultConfigurationIsVisible = 0;
			defaultConfigurationName = Release;
		};
		1653BF182435DE150016A6C9 /* Build configuration list for PBXNativeTarget "HandySousChef" */ = {
			isa = XCConfigurationList;
			buildConfigurations = (
				1653BF192435DE150016A6C9 /* Debug */,
				1653BF1A2435DE150016A6C9 /* Release */,
			);
			defaultConfigurationIsVisible = 0;
			defaultConfigurationName = Release;
		};
		1653BF1B2435DE150016A6C9 /* Build configuration list for PBXNativeTarget "HandySousChefTests" */ = {
			isa = XCConfigurationList;
			buildConfigurations = (
				1653BF1C2435DE150016A6C9 /* Debug */,
				1653BF1D2435DE150016A6C9 /* Release */,
			);
			defaultConfigurationIsVisible = 0;
			defaultConfigurationName = Release;
		};
		1653BF1E2435DE150016A6C9 /* Build configuration list for PBXNativeTarget "HandySousChefUITests" */ = {
			isa = XCConfigurationList;
			buildConfigurations = (
				1653BF1F2435DE150016A6C9 /* Debug */,
				1653BF202435DE150016A6C9 /* Release */,
			);
			defaultConfigurationIsVisible = 0;
			defaultConfigurationName = Release;
		};
/* End XCConfigurationList section */
	};
	rootObject = 1653BEE62435DE140016A6C9 /* Project object */;
}
